// !$*UTF8*$!
{
	archiveVersion = 1;
	classes = {
	};
	objectVersion = 46;
	objects = {

/* Begin PBXBuildFile section */
		3E042A8D1CD0DDD10054C0F3 /* AppDelegate.swift in Sources */ = {isa = PBXBuildFile; fileRef = 3E042A8C1CD0DDD10054C0F3 /* AppDelegate.swift */; };
		3E042A8F1CD0DDD10054C0F3 /* ViewController.swift in Sources */ = {isa = PBXBuildFile; fileRef = 3E042A8E1CD0DDD10054C0F3 /* ViewController.swift */; };
		3E042A921CD0DDD10054C0F3 /* Main.storyboard in Resources */ = {isa = PBXBuildFile; fileRef = 3E042A901CD0DDD10054C0F3 /* Main.storyboard */; };
		3E042A941CD0DDD10054C0F3 /* Assets.xcassets in Resources */ = {isa = PBXBuildFile; fileRef = 3E042A931CD0DDD10054C0F3 /* Assets.xcassets */; };
		3E042A971CD0DDD10054C0F3 /* LaunchScreen.storyboard in Resources */ = {isa = PBXBuildFile; fileRef = 3E042A951CD0DDD10054C0F3 /* LaunchScreen.storyboard */; };
		3E042AA21CD0DDD10054C0F3 /* ga_assignment_4Tests.swift in Sources */ = {isa = PBXBuildFile; fileRef = 3E042AA11CD0DDD10054C0F3 /* ga_assignment_4Tests.swift */; };
		3E042AAD1CD0DDD10054C0F3 /* ga_assignment_4UITests.swift in Sources */ = {isa = PBXBuildFile; fileRef = 3E042AAC1CD0DDD10054C0F3 /* ga_assignment_4UITests.swift */; };
		3E4862871CD0FD650072D563 /* TableViewCell.swift in Sources */ = {isa = PBXBuildFile; fileRef = 3E4862861CD0FD650072D563 /* TableViewCell.swift */; };
		3E82F3C81CD20DFF001517B7 /* PairViewController.swift in Sources */ = {isa = PBXBuildFile; fileRef = 3E82F3C71CD20DFF001517B7 /* PairViewController.swift */; };
		3E82F3CA1CD20F83001517B7 /* TableViewCell2.swift in Sources */ = {isa = PBXBuildFile; fileRef = 3E82F3C91CD20F83001517B7 /* TableViewCell2.swift */; };
/* End PBXBuildFile section */

/* Begin PBXContainerItemProxy section */
		3E042A9E1CD0DDD10054C0F3 /* PBXContainerItemProxy */ = {
			isa = PBXContainerItemProxy;
			containerPortal = 3E042A811CD0DDD10054C0F3 /* Project object */;
			proxyType = 1;
			remoteGlobalIDString = 3E042A881CD0DDD10054C0F3;
			remoteInfo = "ga-assignment-4";
		};
		3E042AA91CD0DDD10054C0F3 /* PBXContainerItemProxy */ = {
			isa = PBXContainerItemProxy;
			containerPortal = 3E042A811CD0DDD10054C0F3 /* Project object */;
			proxyType = 1;
			remoteGlobalIDString = 3E042A881CD0DDD10054C0F3;
			remoteInfo = "ga-assignment-4";
		};
/* End PBXContainerItemProxy section */

/* Begin PBXFileReference section */
		3E042A891CD0DDD10054C0F3 /* ga-assignment-4.app */ = {isa = PBXFileReference; explicitFileType = wrapper.application; includeInIndex = 0; path = "ga-assignment-4.app"; sourceTree = BUILT_PRODUCTS_DIR; };
		3E042A8C1CD0DDD10054C0F3 /* AppDelegate.swift */ = {isa = PBXFileReference; lastKnownFileType = sourcecode.swift; path = AppDelegate.swift; sourceTree = "<group>"; };
		3E042A8E1CD0DDD10054C0F3 /* ViewController.swift */ = {isa = PBXFileReference; lastKnownFileType = sourcecode.swift; path = ViewController.swift; sourceTree = "<group>"; };
		3E042A911CD0DDD10054C0F3 /* Base */ = {isa = PBXFileReference; lastKnownFileType = file.storyboard; name = Base; path = Base.lproj/Main.storyboard; sourceTree = "<group>"; };
		3E042A931CD0DDD10054C0F3 /* Assets.xcassets */ = {isa = PBXFileReference; lastKnownFileType = folder.assetcatalog; path = Assets.xcassets; sourceTree = "<group>"; };
		3E042A961CD0DDD10054C0F3 /* Base */ = {isa = PBXFileReference; lastKnownFileType = file.storyboard; name = Base; path = Base.lproj/LaunchScreen.storyboard; sourceTree = "<group>"; };
		3E042A981CD0DDD10054C0F3 /* Info.plist */ = {isa = PBXFileReference; lastKnownFileType = text.plist.xml; path = Info.plist; sourceTree = "<group>"; };
		3E042A9D1CD0DDD10054C0F3 /* ga-assignment-4Tests.xctest */ = {isa = PBXFileReference; explicitFileType = wrapper.cfbundle; includeInIndex = 0; path = "ga-assignment-4Tests.xctest"; sourceTree = BUILT_PRODUCTS_DIR; };
		3E042AA11CD0DDD10054C0F3 /* ga_assignment_4Tests.swift */ = {isa = PBXFileReference; lastKnownFileType = sourcecode.swift; path = ga_assignment_4Tests.swift; sourceTree = "<group>"; };
		3E042AA31CD0DDD10054C0F3 /* Info.plist */ = {isa = PBXFileReference; lastKnownFileType = text.plist.xml; path = Info.plist; sourceTree = "<group>"; };
		3E042AA81CD0DDD10054C0F3 /* ga-assignment-4UITests.xctest */ = {isa = PBXFileReference; explicitFileType = wrapper.cfbundle; includeInIndex = 0; path = "ga-assignment-4UITests.xctest"; sourceTree = BUILT_PRODUCTS_DIR; };
		3E042AAC1CD0DDD10054C0F3 /* ga_assignment_4UITests.swift */ = {isa = PBXFileReference; lastKnownFileType = sourcecode.swift; path = ga_assignment_4UITests.swift; sourceTree = "<group>"; };
		3E042AAE1CD0DDD10054C0F3 /* Info.plist */ = {isa = PBXFileReference; lastKnownFileType = text.plist.xml; path = Info.plist; sourceTree = "<group>"; };
		3E4862861CD0FD650072D563 /* TableViewCell.swift */ = {isa = PBXFileReference; fileEncoding = 4; lastKnownFileType = sourcecode.swift; path = TableViewCell.swift; sourceTree = "<group>"; };
		3E82F3C71CD20DFF001517B7 /* PairViewController.swift */ = {isa = PBXFileReference; fileEncoding = 4; lastKnownFileType = sourcecode.swift; path = PairViewController.swift; sourceTree = "<group>"; };
		3E82F3C91CD20F83001517B7 /* TableViewCell2.swift */ = {isa = PBXFileReference; fileEncoding = 4; lastKnownFileType = sourcecode.swift; path = TableViewCell2.swift; sourceTree = "<group>"; };
/* End PBXFileReference section */

/* Begin PBXFrameworksBuildPhase section */
		3E042A861CD0DDD10054C0F3 /* Frameworks */ = {
			isa = PBXFrameworksBuildPhase;
			buildActionMask = 2147483647;
			files = (
			);
			runOnlyForDeploymentPostprocessing = 0;
		};
		3E042A9A1CD0DDD10054C0F3 /* Frameworks */ = {
			isa = PBXFrameworksBuildPhase;
			buildActionMask = 2147483647;
			files = (
			);
			runOnlyForDeploymentPostprocessing = 0;
		};
		3E042AA51CD0DDD10054C0F3 /* Frameworks */ = {
			isa = PBXFrameworksBuildPhase;
			buildActionMask = 2147483647;
			files = (
			);
			runOnlyForDeploymentPostprocessing = 0;
		};
/* End PBXFrameworksBuildPhase section */

/* Begin PBXGroup section */
		3E042A801CD0DDD10054C0F3 = {
			isa = PBXGroup;
			children = (
				3E042A8B1CD0DDD10054C0F3 /* ga-assignment-4 */,
				3E042AA01CD0DDD10054C0F3 /* ga-assignment-4Tests */,
				3E042AAB1CD0DDD10054C0F3 /* ga-assignment-4UITests */,
				3E042A8A1CD0DDD10054C0F3 /* Products */,
			);
			sourceTree = "<group>";
		};
		3E042A8A1CD0DDD10054C0F3 /* Products */ = {
			isa = PBXGroup;
			children = (
				3E042A891CD0DDD10054C0F3 /* ga-assignment-4.app */,
				3E042A9D1CD0DDD10054C0F3 /* ga-assignment-4Tests.xctest */,
				3E042AA81CD0DDD10054C0F3 /* ga-assignment-4UITests.xctest */,
			);
			name = Products;
			sourceTree = "<group>";
		};
		3E042A8B1CD0DDD10054C0F3 /* ga-assignment-4 */ = {
			isa = PBXGroup;
			children = (
				3E042A8C1CD0DDD10054C0F3 /* AppDelegate.swift */,
				3E042A8E1CD0DDD10054C0F3 /* ViewController.swift */,
				3E4862861CD0FD650072D563 /* TableViewCell.swift */,
				3E82F3C71CD20DFF001517B7 /* PairViewController.swift */,
				3E82F3C91CD20F83001517B7 /* TableViewCell2.swift */,
				3E042A901CD0DDD10054C0F3 /* Main.storyboard */,
				3E042A931CD0DDD10054C0F3 /* Assets.xcassets */,
				3E042A951CD0DDD10054C0F3 /* LaunchScreen.storyboard */,
				3E042A981CD0DDD10054C0F3 /* Info.plist */,
			);
			path = "ga-assignment-4";
			sourceTree = "<group>";
		};
		3E042AA01CD0DDD10054C0F3 /* ga-assignment-4Tests */ = {
			isa = PBXGroup;
			children = (
				3E042AA11CD0DDD10054C0F3 /* ga_assignment_4Tests.swift */,
				3E042AA31CD0DDD10054C0F3 /* Info.plist */,
			);
			path = "ga-assignment-4Tests";
			sourceTree = "<group>";
		};
		3E042AAB1CD0DDD10054C0F3 /* ga-assignment-4UITests */ = {
			isa = PBXGroup;
			children = (
				3E042AAC1CD0DDD10054C0F3 /* ga_assignment_4UITests.swift */,
				3E042AAE1CD0DDD10054C0F3 /* Info.plist */,
			);
			path = "ga-assignment-4UITests";
			sourceTree = "<group>";
		};
/* End PBXGroup section */

/* Begin PBXNativeTarget section */
		3E042A881CD0DDD10054C0F3 /* ga-assignment-4 */ = {
			isa = PBXNativeTarget;
			buildConfigurationList = 3E042AB11CD0DDD10054C0F3 /* Build configuration list for PBXNativeTarget "ga-assignment-4" */;
			buildPhases = (
				3E042A851CD0DDD10054C0F3 /* Sources */,
				3E042A861CD0DDD10054C0F3 /* Frameworks */,
				3E042A871CD0DDD10054C0F3 /* Resources */,
			);
			buildRules = (
			);
			dependencies = (
			);
			name = "ga-assignment-4";
			productName = "ga-assignment-4";
			productReference = 3E042A891CD0DDD10054C0F3 /* ga-assignment-4.app */;
			productType = "com.apple.product-type.application";
		};
		3E042A9C1CD0DDD10054C0F3 /* ga-assignment-4Tests */ = {
			isa = PBXNativeTarget;
			buildConfigurationList = 3E042AB41CD0DDD10054C0F3 /* Build configuration list for PBXNativeTarget "ga-assignment-4Tests" */;
			buildPhases = (
				3E042A991CD0DDD10054C0F3 /* Sources */,
				3E042A9A1CD0DDD10054C0F3 /* Frameworks */,
				3E042A9B1CD0DDD10054C0F3 /* Resources */,
			);
			buildRules = (
			);
			dependencies = (
				3E042A9F1CD0DDD10054C0F3 /* PBXTargetDependency */,
			);
			name = "ga-assignment-4Tests";
			productName = "ga-assignment-4Tests";
			productReference = 3E042A9D1CD0DDD10054C0F3 /* ga-assignment-4Tests.xctest */;
			productType = "com.apple.product-type.bundle.unit-test";
		};
		3E042AA71CD0DDD10054C0F3 /* ga-assignment-4UITests */ = {
			isa = PBXNativeTarget;
			buildConfigurationList = 3E042AB71CD0DDD10054C0F3 /* Build configuration list for PBXNativeTarget "ga-assignment-4UITests" */;
			buildPhases = (
				3E042AA41CD0DDD10054C0F3 /* Sources */,
				3E042AA51CD0DDD10054C0F3 /* Frameworks */,
				3E042AA61CD0DDD10054C0F3 /* Resources */,
			);
			buildRules = (
			);
			dependencies = (
				3E042AAA1CD0DDD10054C0F3 /* PBXTargetDependency */,
			);
			name = "ga-assignment-4UITests";
			productName = "ga-assignment-4UITests";
			productReference = 3E042AA81CD0DDD10054C0F3 /* ga-assignment-4UITests.xctest */;
			productType = "com.apple.product-type.bundle.ui-testing";
		};
/* End PBXNativeTarget section */

/* Begin PBXProject section */
		3E042A811CD0DDD10054C0F3 /* Project object */ = {
			isa = PBXProject;
			attributes = {
				LastSwiftUpdateCheck = 0730;
				LastUpgradeCheck = 0730;
				ORGANIZATIONNAME = "Tommy Susanto";
				TargetAttributes = {
					3E042A881CD0DDD10054C0F3 = {
						CreatedOnToolsVersion = 7.3;
						DevelopmentTeam = AYL2H5CHGD;
					};
					3E042A9C1CD0DDD10054C0F3 = {
						CreatedOnToolsVersion = 7.3;
						TestTargetID = 3E042A881CD0DDD10054C0F3;
					};
					3E042AA71CD0DDD10054C0F3 = {
						CreatedOnToolsVersion = 7.3;
						TestTargetID = 3E042A881CD0DDD10054C0F3;
					};
				};
			};
			buildConfigurationList = 3E042A841CD0DDD10054C0F3 /* Build configuration list for PBXProject "ga-assignment-4" */;
			compatibilityVersion = "Xcode 3.2";
			developmentRegion = English;
			hasScannedForEncodings = 0;
			knownRegions = (
				en,
				Base,
			);
			mainGroup = 3E042A801CD0DDD10054C0F3;
			productRefGroup = 3E042A8A1CD0DDD10054C0F3 /* Products */;
			projectDirPath = "";
			projectRoot = "";
			targets = (
				3E042A881CD0DDD10054C0F3 /* ga-assignment-4 */,
				3E042A9C1CD0DDD10054C0F3 /* ga-assignment-4Tests */,
				3E042AA71CD0DDD10054C0F3 /* ga-assignment-4UITests */,
			);
		};
/* End PBXProject section */

/* Begin PBXResourcesBuildPhase section */
		3E042A871CD0DDD10054C0F3 /* Resources */ = {
			isa = PBXResourcesBuildPhase;
			buildActionMask = 2147483647;
			files = (
				3E042A971CD0DDD10054C0F3 /* LaunchScreen.storyboard in Resources */,
				3E042A941CD0DDD10054C0F3 /* Assets.xcassets in Resources */,
				3E042A921CD0DDD10054C0F3 /* Main.storyboard in Resources */,
			);
			runOnlyForDeploymentPostprocessing = 0;
		};
		3E042A9B1CD0DDD10054C0F3 /* Resources */ = {
			isa = PBXResourcesBuildPhase;
			buildActionMask = 2147483647;
			files = (
			);
			runOnlyForDeploymentPostprocessing = 0;
		};
		3E042AA61CD0DDD10054C0F3 /* Resources */ = {
			isa = PBXResourcesBuildPhase;
			buildActionMask = 2147483647;
			files = (
			);
			runOnlyForDeploymentPostprocessing = 0;
		};
/* End PBXResourcesBuildPhase section */

/* Begin PBXSourcesBuildPhase section */
		3E042A851CD0DDD10054C0F3 /* Sources */ = {
			isa = PBXSourcesBuildPhase;
			buildActionMask = 2147483647;
			files = (
				3E82F3CA1CD20F83001517B7 /* TableViewCell2.swift in Sources */,
				3E4862871CD0FD650072D563 /* TableViewCell.swift in Sources */,
				3E042A8F1CD0DDD10054C0F3 /* ViewController.swift in Sources */,
				3E82F3C81CD20DFF001517B7 /* PairViewController.swift in Sources */,
				3E042A8D1CD0DDD10054C0F3 /* AppDelegate.swift in Sources */,
			);
			runOnlyForDeploymentPostprocessing = 0;
		};
		3E042A991CD0DDD10054C0F3 /* Sources */ = {
			isa = PBXSourcesBuildPhase;
			buildActionMask = 2147483647;
			files = (
				3E042AA21CD0DDD10054C0F3 /* ga_assignment_4Tests.swift in Sources */,
			);
			runOnlyForDeploymentPostprocessing = 0;
		};
		3E042AA41CD0DDD10054C0F3 /* Sources */ = {
			isa = PBXSourcesBuildPhase;
			buildActionMask = 2147483647;
			files = (
				3E042AAD1CD0DDD10054C0F3 /* ga_assignment_4UITests.swift in Sources */,
			);
			runOnlyForDeploymentPostprocessing = 0;
		};
/* End PBXSourcesBuildPhase section */

/* Begin PBXTargetDependency section */
		3E042A9F1CD0DDD10054C0F3 /* PBXTargetDependency */ = {
			isa = PBXTargetDependency;
			target = 3E042A881CD0DDD10054C0F3 /* ga-assignment-4 */;
			targetProxy = 3E042A9E1CD0DDD10054C0F3 /* PBXContainerItemProxy */;
		};
		3E042AAA1CD0DDD10054C0F3 /* PBXTargetDependency */ = {
			isa = PBXTargetDependency;
			target = 3E042A881CD0DDD10054C0F3 /* ga-assignment-4 */;
			targetProxy = 3E042AA91CD0DDD10054C0F3 /* PBXContainerItemProxy */;
		};
/* End PBXTargetDependency section */

/* Begin PBXVariantGroup section */
		3E042A901CD0DDD10054C0F3 /* Main.storyboard */ = {
			isa = PBXVariantGroup;
			children = (
				3E042A911CD0DDD10054C0F3 /* Base */,
			);
			name = Main.storyboard;
			sourceTree = "<group>";
		};
		3E042A951CD0DDD10054C0F3 /* LaunchScreen.storyboard */ = {
			isa = PBXVariantGroup;
			children = (
				3E042A961CD0DDD10054C0F3 /* Base */,
			);
			name = LaunchScreen.storyboard;
			sourceTree = "<group>";
		};
/* End PBXVariantGroup section */

/* Begin XCBuildConfiguration section */
		3E042AAF1CD0DDD10054C0F3 /* Debug */ = {
			isa = XCBuildConfiguration;
			buildSettings = {
				ALWAYS_SEARCH_USER_PATHS = NO;
				CLANG_ANALYZER_NONNULL = YES;
				CLANG_CXX_LANGUAGE_STANDARD = "gnu++0x";
				CLANG_CXX_LIBRARY = "libc++";
				CLANG_ENABLE_MODULES = YES;
				CLANG_ENABLE_OBJC_ARC = YES;
				CLANG_WARN_BOOL_CONVERSION = YES;
				CLANG_WARN_CONSTANT_CONVERSION = YES;
				CLANG_WARN_DIRECT_OBJC_ISA_USAGE = YES_ERROR;
				CLANG_WARN_EMPTY_BODY = YES;
				CLANG_WARN_ENUM_CONVERSION = YES;
				CLANG_WARN_INT_CONVERSION = YES;
				CLANG_WARN_OBJC_ROOT_CLASS = YES_ERROR;
				CLANG_WARN_UNREACHABLE_CODE = YES;
				CLANG_WARN__DUPLICATE_METHOD_MATCH = YES;
				"CODE_SIGN_IDENTITY[sdk=iphoneos*]" = "iPhone Developer";
				COPY_PHASE_STRIP = NO;
				DEBUG_INFORMATION_FORMAT = dwarf;
				ENABLE_STRICT_OBJC_MSGSEND = YES;
				ENABLE_TESTABILITY = YES;
				GCC_C_LANGUAGE_STANDARD = gnu99;
				GCC_DYNAMIC_NO_PIC = NO;
				GCC_NO_COMMON_BLOCKS = YES;
				GCC_OPTIMIZATION_LEVEL = 0;
				GCC_PREPROCESSOR_DEFINITIONS = (
					"DEBUG=1",
					"$(inherited)",
				);
				GCC_WARN_64_TO_32_BIT_CONVERSION = YES;
				GCC_WARN_ABOUT_RETURN_TYPE = YES_ERROR;
				GCC_WARN_UNDECLARED_SELECTOR = YES;
				GCC_WARN_UNINITIALIZED_AUTOS = YES_AGGRESSIVE;
				GCC_WARN_UNUSED_FUNCTION = YES;
				GCC_WARN_UNUSED_VARIABLE = YES;
				IPHONEOS_DEPLOYMENT_TARGET = 9.3;
				MTL_ENABLE_DEBUG_INFO = YES;
				ONLY_ACTIVE_ARCH = YES;
				SDKROOT = iphoneos;
				SWIFT_OPTIMIZATION_LEVEL = "-Onone";
				TARGETED_DEVICE_FAMILY = "1,2";
			};
			name = Debug;
		};
		3E042AB01CD0DDD10054C0F3 /* Release */ = {
			isa = XCBuildConfiguration;
			buildSettings = {
				ALWAYS_SEARCH_USER_PATHS = NO;
				CLANG_ANALYZER_NONNULL = YES;
				CLANG_CXX_LANGUAGE_STANDARD = "gnu++0x";
				CLANG_CXX_LIBRARY = "libc++";
				CLANG_ENABLE_MODULES = YES;
				CLANG_ENABLE_OBJC_ARC = YES;
				CLANG_WARN_BOOL_CONVERSION = YES;
				CLANG_WARN_CONSTANT_CONVERSION = YES;
				CLANG_WARN_DIRECT_OBJC_ISA_USAGE = YES_ERROR;
				CLANG_WARN_EMPTY_BODY = YES;
				CLANG_WARN_ENUM_CONVERSION = YES;
				CLANG_WARN_INT_CONVERSION = YES;
				CLANG_WARN_OBJC_ROOT_CLASS = YES_ERROR;
				CLANG_WARN_UNREACHABLE_CODE = YES;
				CLANG_WARN__DUPLICATE_METHOD_MATCH = YES;
				"CODE_SIGN_IDENTITY[sdk=iphoneos*]" = "iPhone Developer";
				COPY_PHASE_STRIP = NO;
				DEBUG_INFORMATION_FORMAT = "dwarf-with-dsym";
				ENABLE_NS_ASSERTIONS = NO;
				ENABLE_STRICT_OBJC_MSGSEND = YES;
				GCC_C_LANGUAGE_STANDARD = gnu99;
				GCC_NO_COMMON_BLOCKS = YES;
				GCC_WARN_64_TO_32_BIT_CONVERSION = YES;
				GCC_WARN_ABOUT_RETURN_TYPE = YES_ERROR;
				GCC_WARN_UNDECLARED_SELECTOR = YES;
				GCC_WARN_UNINITIALIZED_AUTOS = YES_AGGRESSIVE;
				GCC_WARN_UNUSED_FUNCTION = YES;
				GCC_WARN_UNUSED_VARIABLE = YES;
				IPHONEOS_DEPLOYMENT_TARGET = 9.3;
				MTL_ENABLE_DEBUG_INFO = NO;
				SDKROOT = iphoneos;
				TARGETED_DEVICE_FAMILY = "1,2";
				VALIDATE_PRODUCT = YES;
			};
			name = Release;
		};
		3E042AB21CD0DDD10054C0F3 /* Debug */ = {
			isa = XCBuildConfiguration;
			buildSettings = {
				ASSETCATALOG_COMPILER_APPICON_NAME = AppIcon;
				CODE_SIGN_IDENTITY = "iPhone Developer";
				"CODE_SIGN_IDENTITY[sdk=iphoneos*]" = "iPhone Developer";
				INFOPLIST_FILE = "ga-assignment-4/Info.plist";
				LD_RUNPATH_SEARCH_PATHS = "$(inherited) @executable_path/Frameworks";
				PRODUCT_BUNDLE_IDENTIFIER = "com.reversedomain.tommy.ga-assignment-4";
				PRODUCT_NAME = "$(TARGET_NAME)";
				PROVISIONING_PROFILE = "";
			};
			name = Debug;
		};
		3E042AB31CD0DDD10054C0F3 /* Release */ = {
			isa = XCBuildConfiguration;
			buildSettings = {
				ASSETCATALOG_COMPILER_APPICON_NAME = AppIcon;
				CODE_SIGN_IDENTITY = "iPhone Developer";
				"CODE_SIGN_IDENTITY[sdk=iphoneos*]" = "iPhone Developer";
				INFOPLIST_FILE = "ga-assignment-4/Info.plist";
				LD_RUNPATH_SEARCH_PATHS = "$(inherited) @executable_path/Frameworks";
				PRODUCT_BUNDLE_IDENTIFIER = "com.reversedomain.tommy.ga-assignment-4";
				PRODUCT_NAME = "$(TARGET_NAME)";
				PROVISIONING_PROFILE = "";
			};
			name = Release;
		};
		3E042AB51CD0DDD10054C0F3 /* Debug */ = {
			isa = XCBuildConfiguration;
			buildSettings = {
				BUNDLE_LOADER = "$(TEST_HOST)";
				INFOPLIST_FILE = "ga-assignment-4Tests/Info.plist";
				LD_RUNPATH_SEARCH_PATHS = "$(inherited) @executable_path/Frameworks @loader_path/Frameworks";
				PRODUCT_BUNDLE_IDENTIFIER = "com.reversedomain.tommy.ga-assignment-4Tests";
				PRODUCT_NAME = "$(TARGET_NAME)";
				TEST_HOST = "$(BUILT_PRODUCTS_DIR)/ga-assignment-4.app/ga-assignment-4";
			};
			name = Debug;
		};
		3E042AB61CD0DDD10054C0F3 /* Release */ = {
			isa = XCBuildConfiguration;
			buildSettings = {
				BUNDLE_LOADER = "$(TEST_HOST)";
				INFOPLIST_FILE = "ga-assignment-4Tests/Info.plist";
				LD_RUNPATH_SEARCH_PATHS = "$(inherited) @executable_path/Frameworks @loader_path/Frameworks";
				PRODUCT_BUNDLE_IDENTIFIER = "com.reversedomain.tommy.ga-assignment-4Tests";
				PRODUCT_NAME = "$(TARGET_NAME)";
				TEST_HOST = "$(BUILT_PRODUCTS_DIR)/ga-assignment-4.app/ga-assignment-4";
			};
			name = Release;
		};
		3E042AB81CD0DDD10054C0F3 /* Debug */ = {
			isa = XCBuildConfiguration;
			buildSettings = {
				INFOPLIST_FILE = "ga-assignment-4UITests/Info.plist";
				LD_RUNPATH_SEARCH_PATHS = "$(inherited) @executable_path/Frameworks @loader_path/Frameworks";
				PRODUCT_BUNDLE_IDENTIFIER = "com.reversedomain.tommy.ga-assignment-4UITests";
				PRODUCT_NAME = "$(TARGET_NAME)";
				TEST_TARGET_NAME = "ga-assignment-4";
			};
			name = Debug;
		};
		3E042AB91CD0DDD10054C0F3 /* Release */ = {
			isa = XCBuildConfiguration;
			buildSettings = {
				INFOPLIST_FILE = "ga-assignment-4UITests/Info.plist";
				LD_RUNPATH_SEARCH_PATHS = "$(inherited) @executable_path/Frameworks @loader_path/Frameworks";
				PRODUCT_BUNDLE_IDENTIFIER = "com.reversedomain.tommy.ga-assignment-4UITests";
				PRODUCT_NAME = "$(TARGET_NAME)";
				TEST_TARGET_NAME = "ga-assignment-4";
			};
			name = Release;
		};
/* End XCBuildConfiguration section */

/* Begin XCConfigurationList section */
		3E042A841CD0DDD10054C0F3 /* Build configuration list for PBXProject "ga-assignment-4" */ = {
			isa = XCConfigurationList;
			buildConfigurations = (
				3E042AAF1CD0DDD10054C0F3 /* Debug */,
				3E042AB01CD0DDD10054C0F3 /* Release */,
			);
			defaultConfigurationIsVisible = 0;
			defaultConfigurationName = Release;
		};
		3E042AB11CD0DDD10054C0F3 /* Build configuration list for PBXNativeTarget "ga-assignment-4" */ = {
			isa = XCConfigurationList;
			buildConfigurations = (
				3E042AB21CD0DDD10054C0F3 /* Debug */,
				3E042AB31CD0DDD10054C0F3 /* Release */,
			);
			defaultConfigurationIsVisible = 0;
			defaultConfigurationName = Release;
		};
		3E042AB41CD0DDD10054C0F3 /* Build configuration list for PBXNativeTarget "ga-assignment-4Tests" */ = {
			isa = XCConfigurationList;
			buildConfigurations = (
				3E042AB51CD0DDD10054C0F3 /* Debug */,
				3E042AB61CD0DDD10054C0F3 /* Release */,
			);
			defaultConfigurationIsVisible = 0;
			defaultConfigurationName = Release;
		};
		3E042AB71CD0DDD10054C0F3 /* Build configuration list for PBXNativeTarget "ga-assignment-4UITests" */ = {
			isa = XCConfigurationList;
			buildConfigurations = (
				3E042AB81CD0DDD10054C0F3 /* Debug */,
				3E042AB91CD0DDD10054C0F3 /* Release */,
			);
			defaultConfigurationIsVisible = 0;
			defaultConfigurationName = Release;
		};
/* End XCConfigurationList section */
	};
	rootObject = 3E042A811CD0DDD10054C0F3 /* Project object */;
}
